
Microsoft Visual Studio Solution File, Format Version 12.00
# Visual Studio Version 16
VisualStudioVersion = 16.0.30804.86
MinimumVisualStudioVersion = 10.0.40219.1
Project("{FAE04EC0-301F-11D3-BF4B-00C04F79EFBC}") = "!Moon V1 official", "!Moon V1 official\!Moon V1 official.csproj", "{7DF0FE1D-1D7F-4329-B48A-4A23E62E183E}"
EndProject
Global
	GlobalSection(SolutionConfigurationPlatforms) = preSolution
		Debug|Any CPU = Debug|Any CPU
		Debug|x64 = Debug|x64
		Release|Any CPU = Release|Any CPU
		Release|x64 = Release|x64
	EndGlobalSection
	GlobalSection(ProjectConfigurationPlatforms) = postSolution
		{7DF0FE1D-1D7F-4329-B48A-4A23E62E183E}.Debug|Any CPU.ActiveCfg = Debug|Any CPU
		{7DF0FE1D-1D7F-4329-B48A-4A23E62E183E}.Debug|Any CPU.Build.0 = Debug|Any CPU
		{7DF0FE1D-1D7F-4329-B48A-4A23E62E183E}.Debug|x64.ActiveCfg = Debug|x64
		{7DF0FE1D-1D7F-4329-B48A-4A23E62E183E}.Debug|x64.Build.0 = Debug|x64
		{7DF0FE1D-1D7F-4329-B48A-4A23E62E183E}.Release|Any CPU.ActiveCfg = Release|Any CPU
		{7DF0FE1D-1D7F-4329-B48A-4A23E62E183E}.Release|Any CPU.Build.0 = Release|Any CPU
		{7DF0FE1D-1D7F-4329-B48A-4A23E62E183E}.Release|x64.ActiveCfg = Release|x64
		{7DF0FE1D-1D7F-4329-B48A-4A23E62E183E}.Release|x64.Build.0 = Release|x64
	EndGlobalSection
	GlobalSection(SolutionProperties) = preSolution
		HideSolutionNode = FALSE
	EndGlobalSection
	GlobalSection(ExtensibilityGlobals) = postSolution
		SolutionGuid = {3BC73B55-E97B-482C-8921-93AF3399457E}
	EndGlobalSection
EndGlobal
