<?xml version="1.0" encoding="utf-8"?>
<Project ToolsVersion="4.0" xmlns="http://schemas.microsoft.com/developer/msbuild/2003">
  <ItemGroup>
    <ClCompile Include="Utils\mem.cpp" />
    <ClCompile Include="Plasmic\HookManager.cpp" />
    <ClCompile Include="Utils\Logger.cpp" />
    <ClCompile Include="Plasmic\Hooks\InputHook.cpp" />
    <ClCompile Include="Plasmic\Hooks\RenderContextHook.cpp" />
    <ClCompile Include="SDK\game.cpp" />
    <ClCompile Include="Utils\RenderUtils.cpp" />
    <ClCompile Include="Plasmic\Hooks\ObjectGetters\ClientInstanceGetter.cpp" />
    <ClCompile Include="Plasmic\VisualModules\VisualTesting.cpp" />
    <ClCompile Include="dllmain.cpp" />
    <ClCompile Include="Plasmic\Hooks\GameModeHook.cpp" />
    <ClCompile Include="Plasmic\Modules\ZoomModule.cpp" />
    <ClCompile Include="Plasmic\ClickGui.cpp" />
    <ClCompile Include="Plasmic\Hooks\EnvironementHooks.cpp" />
    <ClCompile Include="Plasmic\Hooks\Option\OptionGammaHook.cpp" />
    <ClCompile Include="Plasmic\Hooks\Option\OptionSensivityHook.cpp" />
    <ClCompile Include="Plasmic\Modules\FreeLook.cpp" />
    <ClCompile Include="Utils\PlasmicMath.cpp" />
    <ClCompile Include="Plasmic\Modules\ToggleSprintSneak.cpp" />
    <ClCompile Include="Plasmic\VisualModules\frameCounter.cpp" />
    <ClCompile Include="Plasmic\VisualModules\clockModule.cpp" />
    <ClCompile Include="Plasmic\VisualModules\Coordinates.cpp" />
    <ClCompile Include="Plasmic\VisualModules\Keystroke.cpp" />
    <ClCompile Include="Plasmic\VisualModules\ServerModule.cpp" />
    <ClCompile Include="Plasmic\VisualModules\CPSmodule.cpp" />
    <ClCompile Include="Plasmic\Hooks\PacketHook.cpp" />
    <ClCompile Include="Plasmic\VisualModules\Compass.cpp" />
    <ClCompile Include="Utils\Image.cpp" />
    <ClCompile Include="Plasmic\Hooks\ObjectGetters\OnScreenChanged.cpp" />
    <ClCompile Include="Plasmic\Modules\TestModule.cpp" />
    <ClCompile Include="Plasmic\Hooks\ChatHook.cpp" />
    <ClCompile Include="Plasmic\Modules\AutoGG.cpp" />
    <ClCompile Include="Plasmic\ModuleManager.cpp" />
    <ClCompile Include="Plasmic\CommandManager.cpp" />
    <ClCompile Include="Plasmic\DoWorldedit.cpp" />
    <ClCompile Include="Plasmic\Module.cpp" />
    <ClCompile Include="SDK\Minecraft\MCUtilsClass.cpp" />
    <ClCompile Include="Plasmic\VisualModules\SpeedCounter.cpp" />
    <ClCompile Include="Plasmic\Modules\ChunkBorder.h" />
    <ClCompile Include="Plasmic\VisualModules\ReachDisplay.cpp" />
    <ClCompile Include="Plasmic\VisualModules\ComboCounter.cpp" />
    <ClCompile Include="Plasmic\GuiUtils.cpp" />
  </ItemGroup>
  <ItemGroup>
    <ClInclude Include="Utils\mem.h" />
    <ClInclude Include="Plasmic\Module.h" />
    <ClInclude Include="Plasmic\Hooks\InputHook.h" />
    <ClInclude Include="Utils\Logger.h" />
    <ClInclude Include="SDK\Minecraft\Enums.h" />
    <ClInclude Include="SDK\Minecraft\Packet.h" />
    <ClInclude Include="Plasmic\Hooks\RenderContextHook.h" />
    <ClInclude Include="SDK\game.h" />
    <ClInclude Include="Utils\RenderUtils.h" />
    <ClInclude Include="Plasmic\Hooks\ObjectGetters\ClientInstanceGetter.h" />
    <ClInclude Include="Plasmic\VisualModules\VisualTesting.h" />
    <ClInclude Include="Plasmic\Hooks\GameModeHook.h" />
    <ClInclude Include="Plasmic\Modules\ZoomModule.h" />
    <ClInclude Include="Plasmic\ClickGui.h" />
    <ClInclude Include="Plasmic\Hooks\EnvironementHooks.h" />
    <ClInclude Include="Plasmic\Hooks\Option\OptionGammaHook.h" />
    <ClInclude Include="Plasmic\Hooks\Option\OptionSensivityHook.h" />
    <ClInclude Include="Plasmic\Modules\Fullbright.h" />
    <ClInclude Include="Plasmic\Modules\FreeLook.h" />
    <ClInclude Include="Utils\PlasmicMath.h" />
    <ClInclude Include="rgb.h" />
    <ClInclude Include="Plasmic\Modules\ToggleSprintSneak.h" />
    <ClInclude Include="Plasmic\VisualModules\frameCounter.h" />
    <ClInclude Include="Plasmic\VisualModules\clockModule.h" />
    <ClInclude Include="Plasmic\VisualModules\Coordinates.h" />
    <ClInclude Include="Plasmic\VisualModules\Keystroke.h" />
    <ClInclude Include="Plasmic\VisualModules\ServerModule.h" />
    <ClInclude Include="Plasmic\VisualModules\CPSmodule.h" />
    <ClInclude Include="Plasmic\Hooks\PacketHook.h" />
    <ClInclude Include="Plasmic\VisualModules\Compass.h" />
    <ClInclude Include="Utils\Image.h" />
    <ClInclude Include="Plasmic\Hooks\ObjectGetters\OnScreenChanged.h" />
    <ClInclude Include="Plasmic\Hooks\Option\Option.h" />
    <ClInclude Include="Plasmic\Modules\TestModule.h" />
    <ClInclude Include="Plasmic\Hooks\ChatHook.h" />
    <ClInclude Include="Plasmic\Modules\AutoGG.h" />
    <ClInclude Include="Plasmic\Modules\EnvironementChanger.h" />
    <ClInclude Include="Plasmic\Manager.h" />
    <ClInclude Include="Plasmic\Commands\SayCommand.h" />
    <ClInclude Include="Plasmic\Commands\Help.h" />
    <ClInclude Include="SDK\sdk.h" />
    <ClInclude Include="SDK\Minecraft\Actor.h" />
    <ClInclude Include="SDK\Minecraft\Block.h" />
    <ClInclude Include="SDK\Minecraft\ClientInstance.h" />
    <ClInclude Include="SDK\Minecraft\MCUtilsClass.h" />
    <ClInclude Include="SDK\Minecraft\Item.h" />
    <ClInclude Include="SDK\Minecraft\Level.h" />
    <ClInclude Include="SDK\Minecraft\LocalPlayer.h" />
    <ClInclude Include="SDK\Minecraft\MinecraftUIRenderContext.h" />
    <ClInclude Include="Plasmic\Commands\DebugCommand.h" />
    <ClInclude Include="Plasmic\VisualModules\SpeedCounter.h" />
    <ClInclude Include="Plasmic\VisualModules\ReachDisplay.h" />
    <ClInclude Include="Plasmic\VisualModules\ComboCounter.h" />
    <ClInclude Include="Plasmic\Modules\RenderOptions.h" />
    <ClInclude Include="Plasmic\Commands\setcolor.h" />
    <ClInclude Include="Plasmic\Commands\SyncRainbow.h" />
  </ItemGroup>
</Project>